
Microsoft Visual Studio Solution File, Format Version 12.00
# Visual Studio Version 17
VisualStudioVersion = 17.5.001.0
MinimumVisualStudioVersion = 10.0.40219.1
Project("{9A19103F-16F7-4668-BE54-9A1E7A4F7556}") = "sierra.tests", "sierra.tests.csproj", "{5F4390BD-71F5-4139-B3ED-C50D82503609}"
EndProject
Global
	GlobalSection(SolutionConfigurationPlatforms) = preSolution
		Debug|Any CPU = Debug|Any CPU
		Release|Any CPU = Release|Any CPU
	EndGlobalSection
	GlobalSection(ProjectConfigurationPlatforms) = postSolution
		{5F4390BD-71F5-4139-B3ED-C50D82503609}.Debug|Any CPU.ActiveCfg = Debug|Any CPU
		{5F4390BD-71F5-4139-B3ED-C50D82503609}.Debug|Any CPU.Build.0 = Debug|Any CPU
		{5F4390BD-71F5-4139-B3ED-C50D82503609}.Release|Any CPU.ActiveCfg = Release|Any CPU
		{5F4390BD-71F5-4139-B3ED-C50D82503609}.Release|Any CPU.Build.0 = Release|Any CPU
	EndGlobalSection
	GlobalSection(SolutionProperties) = preSolution
		HideSolutionNode = FALSE
	EndGlobalSection
	GlobalSection(ExtensibilityGlobals) = postSolution
		SolutionGuid = {E021A9A2-5B1E-4DDE-89D7-80EF90755C33}
	EndGlobalSection
EndGlobal
